
Microsoft Visual Studio Solution File, Format Version 11.00
# Visual Studio 2010
Project("{8BC9CEB8-8B4A-11D0-8D11-00A0C91BC942}") = "MyFirstProject", "MyFirstProject.vcxproj", "{FFD9BE5F-0405-4FBC-A5D7-689857D42827}"
EndProject
Global
	GlobalSection(SolutionConfigurationPlatforms) = preSolution
		Debug|Win32 = Debug|Win32
		Release|Win32 = Release|Win32
	EndGlobalSection
	GlobalSection(ProjectConfigurationPlatforms) = postSolution
		{FFD9BE5F-0405-4FBC-A5D7-689857D42827}.Debug|Win32.ActiveCfg = Debug|Win32
		{FFD9BE5F-0405-4FBC-A5D7-689857D42827}.Debug|Win32.Build.0 = Debug|Win32
		{FFD9BE5F-0405-4FBC-A5D7-689857D42827}.Release|Win32.ActiveCfg = Release|Win32
		{FFD9BE5F-0405-4FBC-A5D7-689857D42827}.Release|Win32.Build.0 = Release|Win32
	EndGlobalSection
	GlobalSection(SolutionProperties) = preSolution
		HideSolutionNode = FALSE
	EndGlobalSection
EndGlobal
